
Microsoft Visual Studio Solution File, Format Version 12.00
# Visual Studio Version 17
VisualStudioVersion = 17.13.35919.96 d17.13
MinimumVisualStudioVersion = 10.0.40219.1
Project("{FAE04EC0-301F-11D3-BF4B-00C04F79EFBC}") = "GA2_Ex2_ASPNetMVCDBFirst", "GA2_Ex2_ASPNetMVCDBFirst\GA2_Ex2_ASPNetMVCDBFirst.csproj", "{4DC9EAA5-7302-4B30-A150-B7E287016D3B}"
EndProject
Global
	GlobalSection(SolutionConfigurationPlatforms) = preSolution
		Debug|Any CPU = Debug|Any CPU
		Release|Any CPU = Release|Any CPU
	EndGlobalSection
	GlobalSection(ProjectConfigurationPlatforms) = postSolution
		{4DC9EAA5-7302-4B30-A150-B7E287016D3B}.Debug|Any CPU.ActiveCfg = Debug|Any CPU
		{4DC9EAA5-7302-4B30-A150-B7E287016D3B}.Debug|Any CPU.Build.0 = Debug|Any CPU
		{4DC9EAA5-7302-4B30-A150-B7E287016D3B}.Release|Any CPU.ActiveCfg = Release|Any CPU
		{4DC9EAA5-7302-4B30-A150-B7E287016D3B}.Release|Any CPU.Build.0 = Release|Any CPU
	EndGlobalSection
	GlobalSection(SolutionProperties) = preSolution
		HideSolutionNode = FALSE
	EndGlobalSection
	GlobalSection(ExtensibilityGlobals) = postSolution
		SolutionGuid = {C88B2BE2-2C04-406B-82C2-2653D6B4D678}
	EndGlobalSection
EndGlobal
